{
  "originHash" : "ead8d9a08bbc4f561258fb8806b0a4d9350ddd34b86f0561538e7bd715f61687",
  "pins" : [
    {
      "identity" : "chatfield",
      "kind" : "remoteSourceControl",
      "location" : "https://github.com/kevinhermawan/ChatField.git",
      "state" : {
        "revision" : "36833e4ddc23308c3754083d4bdcfa837fa17799",
        "version" : "1.0.1"
      }
    },
    {
      "identity" : "networkimage",
      "kind" : "remoteSourceControl",
      "location" : "https://github.com/gonzalezreal/NetworkImage",
      "state" : {
        "revision" : "7aff8d1b31148d32c5933d75557d42f6323ee3d1",
        "version" : "6.0.0"
      }
    },
    {
      "identity" : "ollamakit",
      "kind" : "remoteSourceControl",
      "location" : "https://github.com/kevinhermawan/OllamaKit",
      "state" : {
        "revision" : "8264a8766c391427944cd4d55304bdfdcb8fdfee",
        "version" : "5.0.0"
      }
    },
    {
      "identity" : "sparkle",
      "kind" : "remoteSourceControl",
      "location" : "https://github.com/sparkle-project/Sparkle",
      "state" : {
        "revision" : "1f07f4096e52f19b5e7abaa697b7fc592b7ff57c",
        "version" : "2.5.1"
      }
    },
    {
      "identity" : "swift-markdown-ui",
      "kind" : "remoteSourceControl",
      "location" : "https://github.com/gonzalezreal/swift-markdown-ui",
      "state" : {
        "revision" : "5df8a4adedd6ae4eb2455ef60ff75183984daeb8",
        "version" : "2.2.0"
      }
    },
    {
      "identity" : "swiftui-introspect",
      "kind" : "remoteSourceControl",
      "location" : "https://github.com/siteline/swiftui-introspect",
      "state" : {
        "revision" : "9e1cc02a65b22e09a8251261cccbccce02731fc5",
        "version" : "1.1.1"
      }
    },
    {
      "identity" : "viewcondition",
      "kind" : "remoteSourceControl",
      "location" : "https://github.com/kevinhermawan/ViewCondition",
      "state" : {
        "revision" : "3d6ff8a51f31890e091eac6872d966859d11ed76",
        "version" : "1.0.1"
      }
    },
    {
      "identity" : "viewstate",
      "kind" : "remoteSourceControl",
      "location" : "https://github.com/kevinhermawan/ViewState.git",
      "state" : {
        "revision" : "8e5a5efbbf3fb5a2d2621533a115a9da031214cb",
        "version" : "1.2.1"
      }
    }
  ],
  "version" : 3
}
