{
  "originHash" : "b6be7154a2154585afb0cef6b4e9bc6a18628607657139d58980e04e011a5197",
  "pins" : [
    {
      "identity" : "chatfield",
      "kind" : "remoteSourceControl",
      "location" : "https://github.com/kevinhermawan/ChatField.git",
      "state" : {
        "revision" : "36833e4ddc23308c3754083d4bdcfa837fa17799",
        "version" : "1.0.1"
      }
    },
    {
      "identity" : "highlightr",
      "kind" : "remoteSourceControl",
      "location" : "https://github.com/raspu/Highlightr.git",
      "state" : {
        "revision" : "fa483d37c692961ecc2391eac568ba3d3935e663",
        "version" : "2.2.0"
      }
    },
    {
      "identity" : "networkimage",
      "kind" : "remoteSourceControl",
      "location" : "https://github.com/gonzalezreal/NetworkImage",
      "state" : {
        "revision" : "7aff8d1b31148d32c5933d75557d42f6323ee3d1",
        "version" : "6.0.0"
      }
    },
    {
      "identity" : "ollamakit",
      "kind" : "remoteSourceControl",
      "location" : "https://github.com/kevinhermawan/OllamaKit",
      "state" : {
        "revision" : "8264a8766c391427944cd4d55304bdfdcb8fdfee",
        "version" : "5.0.0"
      }
    },
    {
      "identity" : "sparkle",
      "kind" : "remoteSourceControl",
      "location" : "https://github.com/sparkle-project/Sparkle",
      "state" : {
        "revision" : "b456fd404954a9e13f55aa0c88cd5a40b8399638",
        "version" : "2.6.3"
      }
    },
    {
      "identity" : "swift-markdown-ui",
      "kind" : "remoteSourceControl",
      "location" : "https://github.com/gonzalezreal/swift-markdown-ui",
      "state" : {
        "revision" : "9a8119b37e09a770367eeb26e05267c75d854053",
        "version" : "2.3.1"
      }
    },
    {
      "identity" : "swiftui-introspect",
      "kind" : "remoteSourceControl",
      "location" : "https://github.com/siteline/swiftui-introspect",
      "state" : {
        "revision" : "7dc5b287f8040e4ad5038739850b758e78f77808",
        "version" : "1.1.4"
      }
    },
    {
      "identity" : "viewcondition",
      "kind" : "remoteSourceControl",
      "location" : "https://github.com/kevinhermawan/ViewCondition",
      "state" : {
        "revision" : "3d6ff8a51f31890e091eac6872d966859d11ed76",
        "version" : "1.0.1"
      }
    },
    {
      "identity" : "viewstate",
      "kind" : "remoteSourceControl",
      "location" : "https://github.com/kevinhermawan/ViewState.git",
      "state" : {
        "revision" : "8e5a5efbbf3fb5a2d2621533a115a9da031214cb",
        "version" : "1.2.1"
      }
    }
  ],
  "version" : 3
}
