{
  "pins" : [
    {
      "identity" : "chatfield",
      "kind" : "remoteSourceControl",
      "location" : "https://github.com/kevinhermawan/ChatField.git",
      "state" : {
        "branch" : "main",
        "revision" : "b850d2f2e59b106e2a1aa7a40eef370887b5ea5b"
      }
    },
    {
      "identity" : "defaults",
      "kind" : "remoteSourceControl",
      "location" : "https://github.com/sindresorhus/Defaults.git",
      "state" : {
        "revision" : "38925e3cfacf3fb89a81a35b1cd44fd5a5b7e0fa",
        "version" : "8.2.0"
      }
    },
    {
      "identity" : "highlightr",
      "kind" : "remoteSourceControl",
      "location" : "https://github.com/raspu/Highlightr.git",
      "state" : {
        "revision" : "bcf2d0590f32ac2528feb72d7e34f5b463801a47",
        "version" : "2.2.1"
      }
    },
    {
      "identity" : "networkimage",
      "kind" : "remoteSourceControl",
      "location" : "https://github.com/gonzalezreal/NetworkImage",
      "state" : {
        "revision" : "7aff8d1b31148d32c5933d75557d42f6323ee3d1",
        "version" : "6.0.0"
      }
    },
    {
      "identity" : "ollamakit",
      "kind" : "remoteSourceControl",
      "location" : "https://github.com/kevinhermawan/OllamaKit",
      "state" : {
        "revision" : "46a2cf8a105c9e68e20d194d1caa5bcddc6a4d83",
        "version" : "5.0.4"
      }
    },
    {
      "identity" : "sparkle",
      "kind" : "remoteSourceControl",
      "location" : "https://github.com/sparkle-project/Sparkle",
      "state" : {
        "revision" : "b456fd404954a9e13f55aa0c88cd5a40b8399638",
        "version" : "2.6.3"
      }
    },
    {
      "identity" : "swift-markdown-ui",
      "kind" : "remoteSourceControl",
      "location" : "https://github.com/gonzalezreal/swift-markdown-ui.git",
      "state" : {
        "revision" : "9a8119b37e09a770367eeb26e05267c75d854053",
        "version" : "2.3.1"
      }
    },
    {
      "identity" : "swiftui-introspect",
      "kind" : "remoteSourceControl",
      "location" : "https://github.com/siteline/swiftui-introspect",
      "state" : {
        "revision" : "7dc5b287f8040e4ad5038739850b758e78f77808",
        "version" : "1.1.4"
      }
    },
    {
      "identity" : "viewcondition",
      "kind" : "remoteSourceControl",
      "location" : "https://github.com/kevinhermawan/ViewCondition",
      "state" : {
        "revision" : "3d6ff8a51f31890e091eac6872d966859d11ed76",
        "version" : "1.0.1"
      }
    },
    {
      "identity" : "viewstate",
      "kind" : "remoteSourceControl",
      "location" : "https://github.com/kevinhermawan/ViewState.git",
      "state" : {
        "revision" : "6c85c207c23edf487007542651e3533a80dfa0bc",
        "version" : "1.2.2"
      }
    }
  ],
  "version" : 2
}
