// !$*UTF8*$!
{
	archiveVersion = 1;
	classes = {
	};
	objectVersion = 56;
	objects = {

/* Begin PBXBuildFile section */
		0A2C4E422C428F5E007794CC /* Defaults in Frameworks */ = {isa = PBXBuildFile; productRef = 0A2C4E412C428F5E007794CC /* Defaults */; };
		0A4D35852AF541D900846890 /* OllamacApp.swift in Sources */ = {isa = PBXBuildFile; fileRef = 0A4D35842AF541D900846890 /* OllamacApp.swift */; };
		0A4D358B2AF541DA00846890 /* Assets.xcassets in Resources */ = {isa = PBXBuildFile; fileRef = 0A4D358A2AF541DA00846890 /* Assets.xcassets */; };
		0A4D358E2AF541DA00846890 /* Preview Assets.xcassets in Resources */ = {isa = PBXBuildFile; fileRef = 0A4D358D2AF541DA00846890 /* Preview Assets.xcassets */; };
		0A4D35992AF5425900846890 /* AppView.swift in Sources */ = {isa = PBXBuildFile; fileRef = 0A4D35982AF5425900846890 /* AppView.swift */; };
		0A6E85102C5E6C670030A4AA /* MessageViewModel.swift in Sources */ = {isa = PBXBuildFile; fileRef = 0A6E850D2C5E6C670030A4AA /* MessageViewModel.swift */; };
		0A6E85112C5E6C670030A4AA /* ChatViewModel.swift in Sources */ = {isa = PBXBuildFile; fileRef = 0A6E850C2C5E6C670030A4AA /* ChatViewModel.swift */; };
		0A6E85152C5E98620030A4AA /* Message.swift in Sources */ = {isa = PBXBuildFile; fileRef = 0A6E85142C5E98620030A4AA /* Message.swift */; };
		0A6E85162C5E98620030A4AA /* Chat.swift in Sources */ = {isa = PBXBuildFile; fileRef = 0A6E85132C5E98620030A4AA /* Chat.swift */; };
		0A6E851D2C5E98770030A4AA /* String+RemoveTrailingSlash.swift in Sources */ = {isa = PBXBuildFile; fileRef = 0A6E851B2C5E98770030A4AA /* String+RemoveTrailingSlash.swift */; };
		0A6E851E2C5E98770030A4AA /* String+IsValidURL.swift in Sources */ = {isa = PBXBuildFile; fileRef = 0A6E851A2C5E98770030A4AA /* String+IsValidURL.swift */; };
		0A6E851F2C5E98770030A4AA /* Defaults+Keys.swift in Sources */ = {isa = PBXBuildFile; fileRef = 0A6E85172C5E98770030A4AA /* Defaults+Keys.swift */; };
		0A6E85202C5E98770030A4AA /* Optional+Utils.swift in Sources */ = {isa = PBXBuildFile; fileRef = 0A6E85192C5E98770030A4AA /* Optional+Utils.swift */; };
		0A6E85262C5E98B20030A4AA /* SettingsView.swift in Sources */ = {isa = PBXBuildFile; fileRef = 0A6E85252C5E98B20030A4AA /* SettingsView.swift */; };
		0A6E85272C5E98B20030A4AA /* GeneralView.swift in Sources */ = {isa = PBXBuildFile; fileRef = 0A6E85242C5E98B20030A4AA /* GeneralView.swift */; };
		0A6E852B2C5E9A250030A4AA /* ChatPreferencesView.swift in Sources */ = {isa = PBXBuildFile; fileRef = 0A6E852A2C5E9A250030A4AA /* ChatPreferencesView.swift */; };
		0A6E852E2C5EAA750030A4AA /* ChatPreferencesFooterView.swift in Sources */ = {isa = PBXBuildFile; fileRef = 0A6E852D2C5EAA750030A4AA /* ChatPreferencesFooterView.swift */; };
		0A6E85302C5EB5F90030A4AA /* UpdateSystemPromptSheet.swift in Sources */ = {isa = PBXBuildFile; fileRef = 0A6E852F2C5EB5F90030A4AA /* UpdateSystemPromptSheet.swift */; };
		0A6E85342C5F9DA00030A4AA /* ChatFieldFooterView.swift in Sources */ = {isa = PBXBuildFile; fileRef = 0A6E85332C5F9DA00030A4AA /* ChatFieldFooterView.swift */; };
		0AA41A172AF635AD0053B8DB /* ViewState in Frameworks */ = {isa = PBXBuildFile; productRef = 0AA41A162AF635AD0053B8DB /* ViewState */; };
		0AB30EB22B272A67009C038A /* ChatField in Frameworks */ = {isa = PBXBuildFile; productRef = 0AB30EB12B272A67009C038A /* ChatField */; };
		0AB3629F2C398C3300DE3F31 /* AppUpdater.swift in Sources */ = {isa = PBXBuildFile; fileRef = 0AB3629E2C398C3300DE3F31 /* AppUpdater.swift */; };
		0AB362A22C398ED700DE3F31 /* Highlightr in Frameworks */ = {isa = PBXBuildFile; productRef = 0AB362A12C398ED700DE3F31 /* Highlightr */; };
		0ACA4D5E2AF7AC43000DA76F /* SwiftUIIntrospect in Frameworks */ = {isa = PBXBuildFile; productRef = 0ACA4D5D2AF7AC43000DA76F /* SwiftUIIntrospect */; };
		0ACA4D732AF88DB6000DA76F /* ViewCondition in Frameworks */ = {isa = PBXBuildFile; productRef = 0ACA4D722AF88DB6000DA76F /* ViewCondition */; };
		0ADB95E22C5D345100EB0C60 /* SidebarView.swift in Sources */ = {isa = PBXBuildFile; fileRef = 0ADB95E12C5D345100EB0C60 /* SidebarView.swift */; };
		0ADB95E42C5D34B200EB0C60 /* SidebarListItemView.swift in Sources */ = {isa = PBXBuildFile; fileRef = 0ADB95E32C5D34B200EB0C60 /* SidebarListItemView.swift */; };
		0ADB95E62C5D3BAD00EB0C60 /* SidebarToolbarContent.swift in Sources */ = {isa = PBXBuildFile; fileRef = 0ADB95E52C5D3BAD00EB0C60 /* SidebarToolbarContent.swift */; };
		0ADB95E82C5D3BE900EB0C60 /* SidebarContextMenu.swift in Sources */ = {isa = PBXBuildFile; fileRef = 0ADB95E72C5D3BE900EB0C60 /* SidebarContextMenu.swift */; };
		0ADB95EB2C5D41DF00EB0C60 /* ChatView.swift in Sources */ = {isa = PBXBuildFile; fileRef = 0ADB95EA2C5D41DF00EB0C60 /* ChatView.swift */; };
		0ADB95ED2C5D42E200EB0C60 /* UserMessageView.swift in Sources */ = {isa = PBXBuildFile; fileRef = 0ADB95EC2C5D42E200EB0C60 /* UserMessageView.swift */; };
		0ADB95EF2C5D42FF00EB0C60 /* AssistantMessageView.swift in Sources */ = {isa = PBXBuildFile; fileRef = 0ADB95EE2C5D42FF00EB0C60 /* AssistantMessageView.swift */; };
		0ADB960E2C5D57D500EB0C60 /* MarkdownUI in Frameworks */ = {isa = PBXBuildFile; productRef = 0ADB960D2C5D57D500EB0C60 /* MarkdownUI */; };
		0ADB96112C5D585500EB0C60 /* Theme+Ollamac.swift in Sources */ = {isa = PBXBuildFile; fileRef = 0ADB96102C5D585500EB0C60 /* Theme+Ollamac.swift */; };
		0ADB96132C5D5CC400EB0C60 /* CodeHighlighter.swift in Sources */ = {isa = PBXBuildFile; fileRef = 0ADB96122C5D5CC400EB0C60 /* CodeHighlighter.swift */; };
		0ADB96162C5D5DE700EB0C60 /* Color+Hex.swift in Sources */ = {isa = PBXBuildFile; fileRef = 0ADB96152C5D5DE700EB0C60 /* Color+Hex.swift */; };
		0AE024832AFB898300347C18 /* Sparkle in Frameworks */ = {isa = PBXBuildFile; productRef = 0AE024822AFB898300347C18 /* Sparkle */; };
		0AE0248B2AFEA24600347C18 /* OllamaKit in Frameworks */ = {isa = PBXBuildFile; productRef = 0AE0248A2AFEA24600347C18 /* OllamaKit */; };
		0AF5662E2C6431FB00D6E01A /* CircleButton.swift in Sources */ = {isa = PBXBuildFile; fileRef = 0AF5662D2C6431FB00D6E01A /* CircleButton.swift */; };
		0AF5CB622C62B0B600DF8DA8 /* UpdateOllamaHostSheet.swift in Sources */ = {isa = PBXBuildFile; fileRef = 0AF5CB612C62B0B600DF8DA8 /* UpdateOllamaHostSheet.swift */; };
		0AF5CB642C62B7E100DF8DA8 /* GeneralBox.swift in Sources */ = {isa = PBXBuildFile; fileRef = 0AF5CB632C62B7E100DF8DA8 /* GeneralBox.swift */; };
		0AF5CB682C62BCA100DF8DA8 /* AppInfo in Frameworks */ = {isa = PBXBuildFile; productRef = 0AF5CB672C62BCA100DF8DA8 /* AppInfo */; };
/* End PBXBuildFile section */

/* Begin PBXFileReference section */
		0A4D35812AF541D900846890 /* Ollamac.app */ = {isa = PBXFileReference; explicitFileType = wrapper.application; includeInIndex = 0; path = Ollamac.app; sourceTree = BUILT_PRODUCTS_DIR; };
		0A4D35842AF541D900846890 /* OllamacApp.swift */ = {isa = PBXFileReference; lastKnownFileType = sourcecode.swift; path = OllamacApp.swift; sourceTree = "<group>"; };
		0A4D358A2AF541DA00846890 /* Assets.xcassets */ = {isa = PBXFileReference; lastKnownFileType = folder.assetcatalog; path = Assets.xcassets; sourceTree = "<group>"; };
		0A4D358D2AF541DA00846890 /* Preview Assets.xcassets */ = {isa = PBXFileReference; lastKnownFileType = folder.assetcatalog; path = "Preview Assets.xcassets"; sourceTree = "<group>"; };
		0A4D358F2AF541DA00846890 /* Ollamac.entitlements */ = {isa = PBXFileReference; lastKnownFileType = text.plist.entitlements; path = Ollamac.entitlements; sourceTree = "<group>"; };
		0A4D35982AF5425900846890 /* AppView.swift */ = {isa = PBXFileReference; lastKnownFileType = sourcecode.swift; path = AppView.swift; sourceTree = "<group>"; };
		0A6E850C2C5E6C670030A4AA /* ChatViewModel.swift */ = {isa = PBXFileReference; lastKnownFileType = sourcecode.swift; path = ChatViewModel.swift; sourceTree = "<group>"; };
		0A6E850D2C5E6C670030A4AA /* MessageViewModel.swift */ = {isa = PBXFileReference; lastKnownFileType = sourcecode.swift; path = MessageViewModel.swift; sourceTree = "<group>"; };
		0A6E85132C5E98620030A4AA /* Chat.swift */ = {isa = PBXFileReference; lastKnownFileType = sourcecode.swift; path = Chat.swift; sourceTree = "<group>"; };
		0A6E85142C5E98620030A4AA /* Message.swift */ = {isa = PBXFileReference; lastKnownFileType = sourcecode.swift; path = Message.swift; sourceTree = "<group>"; };
		0A6E85172C5E98770030A4AA /* Defaults+Keys.swift */ = {isa = PBXFileReference; lastKnownFileType = sourcecode.swift; path = "Defaults+Keys.swift"; sourceTree = "<group>"; };
		0A6E85192C5E98770030A4AA /* Optional+Utils.swift */ = {isa = PBXFileReference; lastKnownFileType = sourcecode.swift; path = "Optional+Utils.swift"; sourceTree = "<group>"; };
		0A6E851A2C5E98770030A4AA /* String+IsValidURL.swift */ = {isa = PBXFileReference; lastKnownFileType = sourcecode.swift; path = "String+IsValidURL.swift"; sourceTree = "<group>"; };
		0A6E851B2C5E98770030A4AA /* String+RemoveTrailingSlash.swift */ = {isa = PBXFileReference; lastKnownFileType = sourcecode.swift; path = "String+RemoveTrailingSlash.swift"; sourceTree = "<group>"; };
		0A6E85242C5E98B20030A4AA /* GeneralView.swift */ = {isa = PBXFileReference; lastKnownFileType = sourcecode.swift; path = GeneralView.swift; sourceTree = "<group>"; };
		0A6E85252C5E98B20030A4AA /* SettingsView.swift */ = {isa = PBXFileReference; lastKnownFileType = sourcecode.swift; path = SettingsView.swift; sourceTree = "<group>"; };
		0A6E852A2C5E9A250030A4AA /* ChatPreferencesView.swift */ = {isa = PBXFileReference; lastKnownFileType = sourcecode.swift; path = ChatPreferencesView.swift; sourceTree = "<group>"; };
		0A6E852D2C5EAA750030A4AA /* ChatPreferencesFooterView.swift */ = {isa = PBXFileReference; lastKnownFileType = sourcecode.swift; path = ChatPreferencesFooterView.swift; sourceTree = "<group>"; };
		0A6E852F2C5EB5F90030A4AA /* UpdateSystemPromptSheet.swift */ = {isa = PBXFileReference; lastKnownFileType = sourcecode.swift; path = UpdateSystemPromptSheet.swift; sourceTree = "<group>"; };
		0A6E85332C5F9DA00030A4AA /* ChatFieldFooterView.swift */ = {isa = PBXFileReference; lastKnownFileType = sourcecode.swift; path = ChatFieldFooterView.swift; sourceTree = "<group>"; };
		0AB3629E2C398C3300DE3F31 /* AppUpdater.swift */ = {isa = PBXFileReference; lastKnownFileType = sourcecode.swift; path = AppUpdater.swift; sourceTree = "<group>"; };
		0ADB95E12C5D345100EB0C60 /* SidebarView.swift */ = {isa = PBXFileReference; lastKnownFileType = sourcecode.swift; path = SidebarView.swift; sourceTree = "<group>"; };
		0ADB95E32C5D34B200EB0C60 /* SidebarListItemView.swift */ = {isa = PBXFileReference; lastKnownFileType = sourcecode.swift; path = SidebarListItemView.swift; sourceTree = "<group>"; };
		0ADB95E52C5D3BAD00EB0C60 /* SidebarToolbarContent.swift */ = {isa = PBXFileReference; lastKnownFileType = sourcecode.swift; path = SidebarToolbarContent.swift; sourceTree = "<group>"; };
		0ADB95E72C5D3BE900EB0C60 /* SidebarContextMenu.swift */ = {isa = PBXFileReference; lastKnownFileType = sourcecode.swift; path = SidebarContextMenu.swift; sourceTree = "<group>"; };
		0ADB95EA2C5D41DF00EB0C60 /* ChatView.swift */ = {isa = PBXFileReference; lastKnownFileType = sourcecode.swift; path = ChatView.swift; sourceTree = "<group>"; };
		0ADB95EC2C5D42E200EB0C60 /* UserMessageView.swift */ = {isa = PBXFileReference; lastKnownFileType = sourcecode.swift; path = UserMessageView.swift; sourceTree = "<group>"; };
		0ADB95EE2C5D42FF00EB0C60 /* AssistantMessageView.swift */ = {isa = PBXFileReference; lastKnownFileType = sourcecode.swift; path = AssistantMessageView.swift; sourceTree = "<group>"; };
		0ADB96102C5D585500EB0C60 /* Theme+Ollamac.swift */ = {isa = PBXFileReference; lastKnownFileType = sourcecode.swift; path = "Theme+Ollamac.swift"; sourceTree = "<group>"; };
		0ADB96122C5D5CC400EB0C60 /* CodeHighlighter.swift */ = {isa = PBXFileReference; lastKnownFileType = sourcecode.swift; path = CodeHighlighter.swift; sourceTree = "<group>"; };
		0ADB96152C5D5DE700EB0C60 /* Color+Hex.swift */ = {isa = PBXFileReference; lastKnownFileType = sourcecode.swift; path = "Color+Hex.swift"; sourceTree = "<group>"; };
		0AE024842AFB8D0E00347C18 /* Info.plist */ = {isa = PBXFileReference; lastKnownFileType = text.plist.xml; path = Info.plist; sourceTree = "<group>"; };
		0AF5662D2C6431FB00D6E01A /* CircleButton.swift */ = {isa = PBXFileReference; lastKnownFileType = sourcecode.swift; path = CircleButton.swift; sourceTree = "<group>"; };
		0AF5CB612C62B0B600DF8DA8 /* UpdateOllamaHostSheet.swift */ = {isa = PBXFileReference; lastKnownFileType = sourcecode.swift; path = UpdateOllamaHostSheet.swift; sourceTree = "<group>"; };
		0AF5CB632C62B7E100DF8DA8 /* GeneralBox.swift */ = {isa = PBXFileReference; lastKnownFileType = sourcecode.swift; path = GeneralBox.swift; sourceTree = "<group>"; };
/* End PBXFileReference section */

/* Begin PBXFrameworksBuildPhase section */
		0A4D357E2AF541D900846890 /* Frameworks */ = {
			isa = PBXFrameworksBuildPhase;
			buildActionMask = 2147483647;
			files = (
				0AF5CB682C62BCA100DF8DA8 /* AppInfo in Frameworks */,
				0AE024832AFB898300347C18 /* Sparkle in Frameworks */,
				0AA41A172AF635AD0053B8DB /* ViewState in Frameworks */,
				0ADB960E2C5D57D500EB0C60 /* MarkdownUI in Frameworks */,
				0ACA4D732AF88DB6000DA76F /* ViewCondition in Frameworks */,
				0AB362A22C398ED700DE3F31 /* Highlightr in Frameworks */,
				0AB30EB22B272A67009C038A /* ChatField in Frameworks */,
				0ACA4D5E2AF7AC43000DA76F /* SwiftUIIntrospect in Frameworks */,
				0A2C4E422C428F5E007794CC /* Defaults in Frameworks */,
				0AE0248B2AFEA24600347C18 /* OllamaKit in Frameworks */,
			);
			runOnlyForDeploymentPostprocessing = 0;
		};
/* End PBXFrameworksBuildPhase section */

/* Begin PBXGroup section */
		0A4D35782AF541D900846890 = {
			isa = PBXGroup;
			children = (
				0A7F58FA2C42657E00091E44 /* Frameworks */,
				0A4D35832AF541D900846890 /* Ollamac */,
				0A4D35822AF541D900846890 /* Products */,
			);
			sourceTree = "<group>";
		};
		0A4D35822AF541D900846890 /* Products */ = {
			isa = PBXGroup;
			children = (
				0A4D35812AF541D900846890 /* Ollamac.app */,
			);
			name = Products;
			sourceTree = "<group>";
		};
		0A4D35832AF541D900846890 /* Ollamac */ = {
			isa = PBXGroup;
			children = (
				0A4D35952AF5422000846890 /* App */,
				0ADB96142C5D5DD900EB0C60 /* Extensions */,
				0A6E85122C5E98580030A4AA /* Models */,
				0A4D358C2AF541DA00846890 /* Preview Content */,
				0A4D35972AF5423900846890 /* Resources */,
				0AF5CB652C62B9EC00DF8DA8 /* Sheets */,
				0AA41A1D2AF666670053B8DB /* Utils */,
				0A6E850B2C5E6C610030A4AA /* ViewModels */,
				0A4D35962AF5422A00846890 /* Views */,
			);
			path = Ollamac;
			sourceTree = "<group>";
		};
		0A4D358C2AF541DA00846890 /* Preview Content */ = {
			isa = PBXGroup;
			children = (
				0A4D358D2AF541DA00846890 /* Preview Assets.xcassets */,
			);
			path = "Preview Content";
			sourceTree = "<group>";
		};
		0A4D35952AF5422000846890 /* App */ = {
			isa = PBXGroup;
			children = (
				0A4D35842AF541D900846890 /* OllamacApp.swift */,
				0AB3629E2C398C3300DE3F31 /* AppUpdater.swift */,
			);
			path = App;
			sourceTree = "<group>";
		};
		0A4D35962AF5422A00846890 /* Views */ = {
			isa = PBXGroup;
			children = (
				0A4D35982AF5425900846890 /* AppView.swift */,
				0ADB95E92C5D41B600EB0C60 /* Chats */,
				0A6E85212C5E98A40030A4AA /* Settings */,
				0ADB95E02C5D33DD00EB0C60 /* Sidebar */,
			);
			path = Views;
			sourceTree = "<group>";
		};
		0A4D35972AF5423900846890 /* Resources */ = {
			isa = PBXGroup;
			children = (
				0AE024842AFB8D0E00347C18 /* Info.plist */,
				0A4D358A2AF541DA00846890 /* Assets.xcassets */,
				0A4D358F2AF541DA00846890 /* Ollamac.entitlements */,
			);
			path = Resources;
			sourceTree = "<group>";
		};
		0A6E850B2C5E6C610030A4AA /* ViewModels */ = {
			isa = PBXGroup;
			children = (
				0A6E850C2C5E6C670030A4AA /* ChatViewModel.swift */,
				0A6E850D2C5E6C670030A4AA /* MessageViewModel.swift */,
			);
			path = ViewModels;
			sourceTree = "<group>";
		};
		0A6E85122C5E98580030A4AA /* Models */ = {
			isa = PBXGroup;
			children = (
				0A6E85132C5E98620030A4AA /* Chat.swift */,
				0A6E85142C5E98620030A4AA /* Message.swift */,
			);
			path = Models;
			sourceTree = "<group>";
		};
		0A6E85212C5E98A40030A4AA /* Settings */ = {
			isa = PBXGroup;
			children = (
				0A6E85232C5E98B20030A4AA /* Subviews */,
				0A6E85242C5E98B20030A4AA /* GeneralView.swift */,
				0A6E85252C5E98B20030A4AA /* SettingsView.swift */,
			);
			path = Settings;
			sourceTree = "<group>";
		};
		0A6E85232C5E98B20030A4AA /* Subviews */ = {
			isa = PBXGroup;
			children = (
				0AF5CB632C62B7E100DF8DA8 /* GeneralBox.swift */,
			);
			path = Subviews;
			sourceTree = "<group>";
		};
		0A6E852C2C5EAA510030A4AA /* Subviews */ = {
			isa = PBXGroup;
			children = (
				0ADB95EC2C5D42E200EB0C60 /* UserMessageView.swift */,
				0ADB95EE2C5D42FF00EB0C60 /* AssistantMessageView.swift */,
				0A6E852D2C5EAA750030A4AA /* ChatPreferencesFooterView.swift */,
				0A6E85332C5F9DA00030A4AA /* ChatFieldFooterView.swift */,
				0AF5662D2C6431FB00D6E01A /* CircleButton.swift */,
			);
			path = Subviews;
			sourceTree = "<group>";
		};
		0A7F58FA2C42657E00091E44 /* Frameworks */ = {
			isa = PBXGroup;
			children = (
			);
			name = Frameworks;
			sourceTree = "<group>";
		};
		0AA41A1D2AF666670053B8DB /* Utils */ = {
			isa = PBXGroup;
			children = (
				0ADB96122C5D5CC400EB0C60 /* CodeHighlighter.swift */,
			);
			path = Utils;
			sourceTree = "<group>";
		};
		0ADB95E02C5D33DD00EB0C60 /* Sidebar */ = {
			isa = PBXGroup;
			children = (
				0ADB95E12C5D345100EB0C60 /* SidebarView.swift */,
				0ADB95E32C5D34B200EB0C60 /* SidebarListItemView.swift */,
				0ADB95E52C5D3BAD00EB0C60 /* SidebarToolbarContent.swift */,
				0ADB95E72C5D3BE900EB0C60 /* SidebarContextMenu.swift */,
			);
			path = Sidebar;
			sourceTree = "<group>";
		};
		0ADB95E92C5D41B600EB0C60 /* Chats */ = {
			isa = PBXGroup;
			children = (
				0A6E852C2C5EAA510030A4AA /* Subviews */,
				0ADB95EA2C5D41DF00EB0C60 /* ChatView.swift */,
				0A6E852A2C5E9A250030A4AA /* ChatPreferencesView.swift */,
			);
			path = Chats;
			sourceTree = "<group>";
		};
		0ADB96142C5D5DD900EB0C60 /* Extensions */ = {
			isa = PBXGroup;
			children = (
				0ADB96152C5D5DE700EB0C60 /* Color+Hex.swift */,
				0ADB96102C5D585500EB0C60 /* Theme+Ollamac.swift */,
				0A6E85172C5E98770030A4AA /* Defaults+Keys.swift */,
				0A6E85192C5E98770030A4AA /* Optional+Utils.swift */,
				0A6E851A2C5E98770030A4AA /* String+IsValidURL.swift */,
				0A6E851B2C5E98770030A4AA /* String+RemoveTrailingSlash.swift */,
			);
			path = Extensions;
			sourceTree = "<group>";
		};
		0AF5CB652C62B9EC00DF8DA8 /* Sheets */ = {
			isa = PBXGroup;
			children = (
				0A6E852F2C5EB5F90030A4AA /* UpdateSystemPromptSheet.swift */,
				0AF5CB612C62B0B600DF8DA8 /* UpdateOllamaHostSheet.swift */,
			);
			path = Sheets;
			sourceTree = "<group>";
		};
/* End PBXGroup section */

/* Begin PBXNativeTarget section */
		0A4D35802AF541D900846890 /* Ollamac */ = {
			isa = PBXNativeTarget;
			buildConfigurationList = 0A4D35922AF541DA00846890 /* Build configuration list for PBXNativeTarget "Ollamac" */;
			buildPhases = (
				0A4D357D2AF541D900846890 /* Sources */,
				0A4D357E2AF541D900846890 /* Frameworks */,
				0A4D357F2AF541D900846890 /* Resources */,
			);
			buildRules = (
			);
			dependencies = (
			);
			name = Ollamac;
			packageProductDependencies = (
				0AA41A162AF635AD0053B8DB /* ViewState */,
				0ACA4D5D2AF7AC43000DA76F /* SwiftUIIntrospect */,
				0ACA4D722AF88DB6000DA76F /* ViewCondition */,
				0AE024822AFB898300347C18 /* Sparkle */,
				0AE0248A2AFEA24600347C18 /* OllamaKit */,
				0AB30EB12B272A67009C038A /* ChatField */,
				0AB362A12C398ED700DE3F31 /* Highlightr */,
				0A2C4E412C428F5E007794CC /* Defaults */,
				0ADB960D2C5D57D500EB0C60 /* MarkdownUI */,
				0AF5CB672C62BCA100DF8DA8 /* AppInfo */,
			);
			productName = Ollamac;
			productReference = 0A4D35812AF541D900846890 /* Ollamac.app */;
			productType = "com.apple.product-type.application";
		};
/* End PBXNativeTarget section */

/* Begin PBXProject section */
		0A4D35792AF541D900846890 /* Project object */ = {
			isa = PBXProject;
			attributes = {
				BuildIndependentTargetsInParallel = 1;
				LastSwiftUpdateCheck = 1500;
				LastUpgradeCheck = 1500;
				TargetAttributes = {
					0A4D35802AF541D900846890 = {
						CreatedOnToolsVersion = 15.0.1;
					};
				};
			};
			buildConfigurationList = 0A4D357C2AF541D900846890 /* Build configuration list for PBXProject "Ollamac" */;
			compatibilityVersion = "Xcode 14.0";
			developmentRegion = en;
			hasScannedForEncodings = 0;
			knownRegions = (
				en,
				Base,
			);
			mainGroup = 0A4D35782AF541D900846890;
			packageReferences = (
				0AA41A152AF635AD0053B8DB /* XCRemoteSwiftPackageReference "ViewState" */,
				0ACA4D5C2AF7AC43000DA76F /* XCRemoteSwiftPackageReference "swiftui-introspect" */,
				0ACA4D712AF88DB6000DA76F /* XCRemoteSwiftPackageReference "ViewCondition" */,
				0AE024812AFB898300347C18 /* XCRemoteSwiftPackageReference "Sparkle" */,
				0AE024892AFEA24600347C18 /* XCRemoteSwiftPackageReference "OllamaKit" */,
				0AB30EB02B272A67009C038A /* XCRemoteSwiftPackageReference "ChatField" */,
				0AB362A02C398ED700DE3F31 /* XCRemoteSwiftPackageReference "Highlightr" */,
				0A2C4E402C428F5E007794CC /* XCRemoteSwiftPackageReference "Defaults" */,
				0ADB960C2C5D57D500EB0C60 /* XCRemoteSwiftPackageReference "swift-markdown-ui" */,
				0AF5CB662C62BCA100DF8DA8 /* XCRemoteSwiftPackageReference "AppInfo" */,
			);
			productRefGroup = 0A4D35822AF541D900846890 /* Products */;
			projectDirPath = "";
			projectRoot = "";
			targets = (
				0A4D35802AF541D900846890 /* Ollamac */,
			);
		};
/* End PBXProject section */

/* Begin PBXResourcesBuildPhase section */
		0A4D357F2AF541D900846890 /* Resources */ = {
			isa = PBXResourcesBuildPhase;
			buildActionMask = 2147483647;
			files = (
				0A4D358E2AF541DA00846890 /* Preview Assets.xcassets in Resources */,
				0A4D358B2AF541DA00846890 /* Assets.xcassets in Resources */,
			);
			runOnlyForDeploymentPostprocessing = 0;
		};
/* End PBXResourcesBuildPhase section */

/* Begin PBXSourcesBuildPhase section */
		0A4D357D2AF541D900846890 /* Sources */ = {
			isa = PBXSourcesBuildPhase;
			buildActionMask = 2147483647;
			files = (
				0ADB95E62C5D3BAD00EB0C60 /* SidebarToolbarContent.swift in Sources */,
				0ADB95E22C5D345100EB0C60 /* SidebarView.swift in Sources */,
				0ADB95ED2C5D42E200EB0C60 /* UserMessageView.swift in Sources */,
				0ADB95EF2C5D42FF00EB0C60 /* AssistantMessageView.swift in Sources */,
				0A6E85302C5EB5F90030A4AA /* UpdateSystemPromptSheet.swift in Sources */,
				0A6E85152C5E98620030A4AA /* Message.swift in Sources */,
				0A6E85162C5E98620030A4AA /* Chat.swift in Sources */,
				0A6E85262C5E98B20030A4AA /* SettingsView.swift in Sources */,
				0A6E85272C5E98B20030A4AA /* GeneralView.swift in Sources */,
				0A6E852B2C5E9A250030A4AA /* ChatPreferencesView.swift in Sources */,
				0A6E851D2C5E98770030A4AA /* String+RemoveTrailingSlash.swift in Sources */,
				0A6E851E2C5E98770030A4AA /* String+IsValidURL.swift in Sources */,
				0A6E851F2C5E98770030A4AA /* Defaults+Keys.swift in Sources */,
				0AF5CB642C62B7E100DF8DA8 /* GeneralBox.swift in Sources */,
				0A6E85202C5E98770030A4AA /* Optional+Utils.swift in Sources */,
				0AF5662E2C6431FB00D6E01A /* CircleButton.swift in Sources */,
				0ADB96132C5D5CC400EB0C60 /* CodeHighlighter.swift in Sources */,
				0ADB96112C5D585500EB0C60 /* Theme+Ollamac.swift in Sources */,
				0ADB95EB2C5D41DF00EB0C60 /* ChatView.swift in Sources */,
				0ADB95E42C5D34B200EB0C60 /* SidebarListItemView.swift in Sources */,
				0A4D35992AF5425900846890 /* AppView.swift in Sources */,
				0A6E852E2C5EAA750030A4AA /* ChatPreferencesFooterView.swift in Sources */,
				0ADB95E82C5D3BE900EB0C60 /* SidebarContextMenu.swift in Sources */,
				0AB3629F2C398C3300DE3F31 /* AppUpdater.swift in Sources */,
				0A4D35852AF541D900846890 /* OllamacApp.swift in Sources */,
				0AF5CB622C62B0B600DF8DA8 /* UpdateOllamaHostSheet.swift in Sources */,
				0A6E85102C5E6C670030A4AA /* MessageViewModel.swift in Sources */,
				0A6E85112C5E6C670030A4AA /* ChatViewModel.swift in Sources */,
				0A6E85342C5F9DA00030A4AA /* ChatFieldFooterView.swift in Sources */,
				0ADB96162C5D5DE700EB0C60 /* Color+Hex.swift in Sources */,
			);
			runOnlyForDeploymentPostprocessing = 0;
		};
/* End PBXSourcesBuildPhase section */

/* Begin XCBuildConfiguration section */
		0A4D35902AF541DA00846890 /* Debug */ = {
			isa = XCBuildConfiguration;
			buildSettings = {
				ALWAYS_SEARCH_USER_PATHS = NO;
				ASSETCATALOG_COMPILER_GENERATE_SWIFT_ASSET_SYMBOL_EXTENSIONS = YES;
				CLANG_ANALYZER_NONNULL = YES;
				CLANG_ANALYZER_NUMBER_OBJECT_CONVERSION = YES_AGGRESSIVE;
				CLANG_CXX_LANGUAGE_STANDARD = "gnu++20";
				CLANG_ENABLE_MODULES = YES;
				CLANG_ENABLE_OBJC_ARC = YES;
				CLANG_ENABLE_OBJC_WEAK = YES;
				CLANG_WARN_BLOCK_CAPTURE_AUTORELEASING = YES;
				CLANG_WARN_BOOL_CONVERSION = YES;
				CLANG_WARN_COMMA = YES;
				CLANG_WARN_CONSTANT_CONVERSION = YES;
				CLANG_WARN_DEPRECATED_OBJC_IMPLEMENTATIONS = YES;
				CLANG_WARN_DIRECT_OBJC_ISA_USAGE = YES_ERROR;
				CLANG_WARN_DOCUMENTATION_COMMENTS = YES;
				CLANG_WARN_EMPTY_BODY = YES;
				CLANG_WARN_ENUM_CONVERSION = YES;
				CLANG_WARN_INFINITE_RECURSION = YES;
				CLANG_WARN_INT_CONVERSION = YES;
				CLANG_WARN_NON_LITERAL_NULL_CONVERSION = YES;
				CLANG_WARN_OBJC_IMPLICIT_RETAIN_SELF = YES;
				CLANG_WARN_OBJC_LITERAL_CONVERSION = YES;
				CLANG_WARN_OBJC_ROOT_CLASS = YES_ERROR;
				CLANG_WARN_QUOTED_INCLUDE_IN_FRAMEWORK_HEADER = YES;
				CLANG_WARN_RANGE_LOOP_ANALYSIS = YES;
				CLANG_WARN_STRICT_PROTOTYPES = YES;
				CLANG_WARN_SUSPICIOUS_MOVE = YES;
				CLANG_WARN_UNGUARDED_AVAILABILITY = YES_AGGRESSIVE;
				CLANG_WARN_UNREACHABLE_CODE = YES;
				CLANG_WARN__DUPLICATE_METHOD_MATCH = YES;
				COPY_PHASE_STRIP = NO;
				DEAD_CODE_STRIPPING = YES;
				DEBUG_INFORMATION_FORMAT = dwarf;
				ENABLE_STRICT_OBJC_MSGSEND = YES;
				ENABLE_TESTABILITY = YES;
				ENABLE_USER_SCRIPT_SANDBOXING = YES;
				GCC_C_LANGUAGE_STANDARD = gnu17;
				GCC_DYNAMIC_NO_PIC = NO;
				GCC_NO_COMMON_BLOCKS = YES;
				GCC_OPTIMIZATION_LEVEL = 0;
				GCC_PREPROCESSOR_DEFINITIONS = (
					"DEBUG=1",
					"$(inherited)",
				);
				GCC_WARN_64_TO_32_BIT_CONVERSION = YES;
				GCC_WARN_ABOUT_RETURN_TYPE = YES_ERROR;
				GCC_WARN_UNDECLARED_SELECTOR = YES;
				GCC_WARN_UNINITIALIZED_AUTOS = YES_AGGRESSIVE;
				GCC_WARN_UNUSED_FUNCTION = YES;
				GCC_WARN_UNUSED_VARIABLE = YES;
				LOCALIZATION_PREFERS_STRING_CATALOGS = YES;
				MACOSX_DEPLOYMENT_TARGET = 14.0;
				MTL_ENABLE_DEBUG_INFO = INCLUDE_SOURCE;
				MTL_FAST_MATH = YES;
				ONLY_ACTIVE_ARCH = YES;
				SDKROOT = macosx;
				SWIFT_ACTIVE_COMPILATION_CONDITIONS = "DEBUG $(inherited)";
				SWIFT_OPTIMIZATION_LEVEL = "-Onone";
			};
			name = Debug;
		};
		0A4D35912AF541DA00846890 /* Release */ = {
			isa = XCBuildConfiguration;
			buildSettings = {
				ALWAYS_SEARCH_USER_PATHS = NO;
				ASSETCATALOG_COMPILER_GENERATE_SWIFT_ASSET_SYMBOL_EXTENSIONS = YES;
				CLANG_ANALYZER_NONNULL = YES;
				CLANG_ANALYZER_NUMBER_OBJECT_CONVERSION = YES_AGGRESSIVE;
				CLANG_CXX_LANGUAGE_STANDARD = "gnu++20";
				CLANG_ENABLE_MODULES = YES;
				CLANG_ENABLE_OBJC_ARC = YES;
				CLANG_ENABLE_OBJC_WEAK = YES;
				CLANG_WARN_BLOCK_CAPTURE_AUTORELEASING = YES;
				CLANG_WARN_BOOL_CONVERSION = YES;
				CLANG_WARN_COMMA = YES;
				CLANG_WARN_CONSTANT_CONVERSION = YES;
				CLANG_WARN_DEPRECATED_OBJC_IMPLEMENTATIONS = YES;
				CLANG_WARN_DIRECT_OBJC_ISA_USAGE = YES_ERROR;
				CLANG_WARN_DOCUMENTATION_COMMENTS = YES;
				CLANG_WARN_EMPTY_BODY = YES;
				CLANG_WARN_ENUM_CONVERSION = YES;
				CLANG_WARN_INFINITE_RECURSION = YES;
				CLANG_WARN_INT_CONVERSION = YES;
				CLANG_WARN_NON_LITERAL_NULL_CONVERSION = YES;
				CLANG_WARN_OBJC_IMPLICIT_RETAIN_SELF = YES;
				CLANG_WARN_OBJC_LITERAL_CONVERSION = YES;
				CLANG_WARN_OBJC_ROOT_CLASS = YES_ERROR;
				CLANG_WARN_QUOTED_INCLUDE_IN_FRAMEWORK_HEADER = YES;
				CLANG_WARN_RANGE_LOOP_ANALYSIS = YES;
				CLANG_WARN_STRICT_PROTOTYPES = YES;
				CLANG_WARN_SUSPICIOUS_MOVE = YES;
				CLANG_WARN_UNGUARDED_AVAILABILITY = YES_AGGRESSIVE;
				CLANG_WARN_UNREACHABLE_CODE = YES;
				CLANG_WARN__DUPLICATE_METHOD_MATCH = YES;
				COPY_PHASE_STRIP = NO;
				DEAD_CODE_STRIPPING = YES;
				DEBUG_INFORMATION_FORMAT = "dwarf-with-dsym";
				ENABLE_NS_ASSERTIONS = NO;
				ENABLE_STRICT_OBJC_MSGSEND = YES;
				ENABLE_USER_SCRIPT_SANDBOXING = YES;
				GCC_C_LANGUAGE_STANDARD = gnu17;
				GCC_NO_COMMON_BLOCKS = YES;
				GCC_WARN_64_TO_32_BIT_CONVERSION = YES;
				GCC_WARN_ABOUT_RETURN_TYPE = YES_ERROR;
				GCC_WARN_UNDECLARED_SELECTOR = YES;
				GCC_WARN_UNINITIALIZED_AUTOS = YES_AGGRESSIVE;
				GCC_WARN_UNUSED_FUNCTION = YES;
				GCC_WARN_UNUSED_VARIABLE = YES;
				LOCALIZATION_PREFERS_STRING_CATALOGS = YES;
				MACOSX_DEPLOYMENT_TARGET = 14.0;
				MTL_ENABLE_DEBUG_INFO = NO;
				MTL_FAST_MATH = YES;
				SDKROOT = macosx;
				SWIFT_COMPILATION_MODE = wholemodule;
			};
			name = Release;
		};
		0A4D35932AF541DA00846890 /* Debug */ = {
			isa = XCBuildConfiguration;
			buildSettings = {
				ASSETCATALOG_COMPILER_APPICON_NAME = AppIcon;
				ASSETCATALOG_COMPILER_GLOBAL_ACCENT_COLOR_NAME = AccentColor;
				ASSETCATALOG_COMPILER_INCLUDE_ALL_APPICON_ASSETS = YES;
				CODE_SIGN_ENTITLEMENTS = Ollamac/Resources/Ollamac.entitlements;
				CODE_SIGN_STYLE = Automatic;
				COMBINE_HIDPI_IMAGES = YES;
				CURRENT_PROJECT_VERSION = 11;
				DEAD_CODE_STRIPPING = YES;
				DEVELOPMENT_ASSET_PATHS = "\"Ollamac/Preview Content\"";
				DEVELOPMENT_TEAM = 84ZM7K56B5;
				ENABLE_HARDENED_RUNTIME = YES;
				ENABLE_PREVIEWS = YES;
				GENERATE_INFOPLIST_FILE = YES;
				INFOPLIST_FILE = Ollamac/Resources/Info.plist;
				INFOPLIST_KEY_CFBundleDisplayName = Ollamac;
				INFOPLIST_KEY_LSApplicationCategoryType = "public.app-category.utilities";
				INFOPLIST_KEY_NSHumanReadableCopyright = "Copyright © Kevin Hermawan. All rights reserved.";
				LD_RUNPATH_SEARCH_PATHS = (
					"$(inherited)",
					"@executable_path/../Frameworks",
				);
				MACOSX_DEPLOYMENT_TARGET = 14.0;
				MARKETING_VERSION = 2.1.2;
				PRODUCT_BUNDLE_IDENTIFIER = "com.kevinhermawan.Ollamac-Debug";
				PRODUCT_NAME = "$(TARGET_NAME)";
				SWIFT_EMIT_LOC_STRINGS = YES;
				SWIFT_VERSION = 5.0;
			};
			name = Debug;
		};
		0A4D35942AF541DA00846890 /* Release */ = {
			isa = XCBuildConfiguration;
			buildSettings = {
				ASSETCATALOG_COMPILER_APPICON_NAME = AppIcon;
				ASSETCATALOG_COMPILER_GLOBAL_ACCENT_COLOR_NAME = AccentColor;
				ASSETCATALOG_COMPILER_INCLUDE_ALL_APPICON_ASSETS = YES;
				CODE_SIGN_ENTITLEMENTS = Ollamac/Resources/Ollamac.entitlements;
				CODE_SIGN_STYLE = Automatic;
				COMBINE_HIDPI_IMAGES = YES;
				CURRENT_PROJECT_VERSION = 11;
				DEAD_CODE_STRIPPING = YES;
				DEVELOPMENT_ASSET_PATHS = "\"Ollamac/Preview Content\"";
				DEVELOPMENT_TEAM = 84ZM7K56B5;
				ENABLE_HARDENED_RUNTIME = YES;
				ENABLE_PREVIEWS = YES;
				GENERATE_INFOPLIST_FILE = YES;
				INFOPLIST_FILE = Ollamac/Resources/Info.plist;
				INFOPLIST_KEY_CFBundleDisplayName = Ollamac;
				INFOPLIST_KEY_LSApplicationCategoryType = "public.app-category.utilities";
				INFOPLIST_KEY_NSHumanReadableCopyright = "Copyright © Kevin Hermawan. All rights reserved.";
				LD_RUNPATH_SEARCH_PATHS = (
					"$(inherited)",
					"@executable_path/../Frameworks",
				);
				MACOSX_DEPLOYMENT_TARGET = 14.0;
				MARKETING_VERSION = 2.1.2;
				PRODUCT_BUNDLE_IDENTIFIER = com.kevinhermawan.Ollamac;
				PRODUCT_NAME = "$(TARGET_NAME)";
				SWIFT_EMIT_LOC_STRINGS = YES;
				SWIFT_VERSION = 5.0;
			};
			name = Release;
		};
/* End XCBuildConfiguration section */

/* Begin XCConfigurationList section */
		0A4D357C2AF541D900846890 /* Build configuration list for PBXProject "Ollamac" */ = {
			isa = XCConfigurationList;
			buildConfigurations = (
				0A4D35902AF541DA00846890 /* Debug */,
				0A4D35912AF541DA00846890 /* Release */,
			);
			defaultConfigurationIsVisible = 0;
			defaultConfigurationName = Release;
		};
		0A4D35922AF541DA00846890 /* Build configuration list for PBXNativeTarget "Ollamac" */ = {
			isa = XCConfigurationList;
			buildConfigurations = (
				0A4D35932AF541DA00846890 /* Debug */,
				0A4D35942AF541DA00846890 /* Release */,
			);
			defaultConfigurationIsVisible = 0;
			defaultConfigurationName = Release;
		};
/* End XCConfigurationList section */

/* Begin XCRemoteSwiftPackageReference section */
		0A2C4E402C428F5E007794CC /* XCRemoteSwiftPackageReference "Defaults" */ = {
			isa = XCRemoteSwiftPackageReference;
			repositoryURL = "https://github.com/sindresorhus/Defaults.git";
			requirement = {
				kind = upToNextMajorVersion;
				minimumVersion = 8.2.0;
			};
		};
		0AA41A152AF635AD0053B8DB /* XCRemoteSwiftPackageReference "ViewState" */ = {
			isa = XCRemoteSwiftPackageReference;
			repositoryURL = "https://github.com/kevinhermawan/ViewState.git";
			requirement = {
				kind = upToNextMajorVersion;
				minimumVersion = 1.2.1;
			};
		};
		0AB30EB02B272A67009C038A /* XCRemoteSwiftPackageReference "ChatField" */ = {
			isa = XCRemoteSwiftPackageReference;
			repositoryURL = "https://github.com/kevinhermawan/ChatField.git";
			requirement = {
				branch = main;
				kind = branch;
			};
		};
		0AB362A02C398ED700DE3F31 /* XCRemoteSwiftPackageReference "Highlightr" */ = {
			isa = XCRemoteSwiftPackageReference;
			repositoryURL = "https://github.com/raspu/Highlightr.git";
			requirement = {
				kind = upToNextMajorVersion;
				minimumVersion = 2.2.0;
			};
		};
		0ACA4D5C2AF7AC43000DA76F /* XCRemoteSwiftPackageReference "swiftui-introspect" */ = {
			isa = XCRemoteSwiftPackageReference;
			repositoryURL = "https://github.com/siteline/swiftui-introspect";
			requirement = {
				kind = upToNextMajorVersion;
				minimumVersion = 1.1.1;
			};
		};
		0ACA4D712AF88DB6000DA76F /* XCRemoteSwiftPackageReference "ViewCondition" */ = {
			isa = XCRemoteSwiftPackageReference;
			repositoryURL = "https://github.com/kevinhermawan/ViewCondition";
			requirement = {
				kind = upToNextMajorVersion;
				minimumVersion = 1.0.5;
			};
		};
		0ADB960C2C5D57D500EB0C60 /* XCRemoteSwiftPackageReference "swift-markdown-ui" */ = {
			isa = XCRemoteSwiftPackageReference;
			repositoryURL = "https://github.com/gonzalezreal/swift-markdown-ui.git";
			requirement = {
				kind = upToNextMajorVersion;
				minimumVersion = 2.3.1;
			};
		};
		0AE024812AFB898300347C18 /* XCRemoteSwiftPackageReference "Sparkle" */ = {
			isa = XCRemoteSwiftPackageReference;
			repositoryURL = "https://github.com/sparkle-project/Sparkle";
			requirement = {
				kind = upToNextMajorVersion;
				minimumVersion = 2.5.1;
			};
		};
		0AE024892AFEA24600347C18 /* XCRemoteSwiftPackageReference "OllamaKit" */ = {
			isa = XCRemoteSwiftPackageReference;
			repositoryURL = "https://github.com/kevinhermawan/OllamaKit";
			requirement = {
				kind = upToNextMajorVersion;
				minimumVersion = 5.0.5;
			};
		};
		0AF5CB662C62BCA100DF8DA8 /* XCRemoteSwiftPackageReference "AppInfo" */ = {
			isa = XCRemoteSwiftPackageReference;
			repositoryURL = "https://github.com/kevinhermawan/AppInfo.git";
			requirement = {
				kind = upToNextMajorVersion;
				minimumVersion = 1.0.2;
			};
		};
/* End XCRemoteSwiftPackageReference section */

/* Begin XCSwiftPackageProductDependency section */
		0A2C4E412C428F5E007794CC /* Defaults */ = {
			isa = XCSwiftPackageProductDependency;
			package = 0A2C4E402C428F5E007794CC /* XCRemoteSwiftPackageReference "Defaults" */;
			productName = Defaults;
		};
		0AA41A162AF635AD0053B8DB /* ViewState */ = {
			isa = XCSwiftPackageProductDependency;
			package = 0AA41A152AF635AD0053B8DB /* XCRemoteSwiftPackageReference "ViewState" */;
			productName = ViewState;
		};
		0AB30EB12B272A67009C038A /* ChatField */ = {
			isa = XCSwiftPackageProductDependency;
			package = 0AB30EB02B272A67009C038A /* XCRemoteSwiftPackageReference "ChatField" */;
			productName = ChatField;
		};
		0AB362A12C398ED700DE3F31 /* Highlightr */ = {
			isa = XCSwiftPackageProductDependency;
			package = 0AB362A02C398ED700DE3F31 /* XCRemoteSwiftPackageReference "Highlightr" */;
			productName = Highlightr;
		};
		0ACA4D5D2AF7AC43000DA76F /* SwiftUIIntrospect */ = {
			isa = XCSwiftPackageProductDependency;
			package = 0ACA4D5C2AF7AC43000DA76F /* XCRemoteSwiftPackageReference "swiftui-introspect" */;
			productName = SwiftUIIntrospect;
		};
		0ACA4D722AF88DB6000DA76F /* ViewCondition */ = {
			isa = XCSwiftPackageProductDependency;
			package = 0ACA4D712AF88DB6000DA76F /* XCRemoteSwiftPackageReference "ViewCondition" */;
			productName = ViewCondition;
		};
		0ADB960D2C5D57D500EB0C60 /* MarkdownUI */ = {
			isa = XCSwiftPackageProductDependency;
			package = 0ADB960C2C5D57D500EB0C60 /* XCRemoteSwiftPackageReference "swift-markdown-ui" */;
			productName = MarkdownUI;
		};
		0AE024822AFB898300347C18 /* Sparkle */ = {
			isa = XCSwiftPackageProductDependency;
			package = 0AE024812AFB898300347C18 /* XCRemoteSwiftPackageReference "Sparkle" */;
			productName = Sparkle;
		};
		0AE0248A2AFEA24600347C18 /* OllamaKit */ = {
			isa = XCSwiftPackageProductDependency;
			package = 0AE024892AFEA24600347C18 /* XCRemoteSwiftPackageReference "OllamaKit" */;
			productName = OllamaKit;
		};
		0AF5CB672C62BCA100DF8DA8 /* AppInfo */ = {
			isa = XCSwiftPackageProductDependency;
			package = 0AF5CB662C62BCA100DF8DA8 /* XCRemoteSwiftPackageReference "AppInfo" */;
			productName = AppInfo;
		};
/* End XCSwiftPackageProductDependency section */
	};
	rootObject = 0A4D35792AF541D900846890 /* Project object */;
}
